
Microsoft Visual Studio Solution File, Format Version 12.00
# Visual Studio Version 17
VisualStudioVersion = 17.3.32929.385
MinimumVisualStudioVersion = 10.0.40219.1
Project("{8BC9CEB8-8B4A-11D0-8D11-00A0C91BC942}") = "integral", "integral\integral.vcxproj", "{61EA19FA-CD6C-4591-ABBD-C2CDA997612C}"
EndProject
Global
	GlobalSection(SolutionConfigurationPlatforms) = preSolution
		Debug|x64 = Debug|x64
		Debug|x86 = Debug|x86
		Release|x64 = Release|x64
		Release|x86 = Release|x86
	EndGlobalSection
	GlobalSection(ProjectConfigurationPlatforms) = postSolution
		{61EA19FA-CD6C-4591-ABBD-C2CDA997612C}.Debug|x64.ActiveCfg = Debug|x64
		{61EA19FA-CD6C-4591-ABBD-C2CDA997612C}.Debug|x64.Build.0 = Debug|x64
		{61EA19FA-CD6C-4591-ABBD-C2CDA997612C}.Debug|x86.ActiveCfg = Debug|Win32
		{61EA19FA-CD6C-4591-ABBD-C2CDA997612C}.Debug|x86.Build.0 = Debug|Win32
		{61EA19FA-CD6C-4591-ABBD-C2CDA997612C}.Release|x64.ActiveCfg = Release|x64
		{61EA19FA-CD6C-4591-ABBD-C2CDA997612C}.Release|x64.Build.0 = Release|x64
		{61EA19FA-CD6C-4591-ABBD-C2CDA997612C}.Release|x86.ActiveCfg = Release|Win32
		{61EA19FA-CD6C-4591-ABBD-C2CDA997612C}.Release|x86.Build.0 = Release|Win32
	EndGlobalSection
	GlobalSection(SolutionProperties) = preSolution
		HideSolutionNode = FALSE
	EndGlobalSection
	GlobalSection(ExtensibilityGlobals) = postSolution
		SolutionGuid = {72B6309D-73F0-4657-B191-463F778F3997}
	EndGlobalSection
EndGlobal
